
Microsoft Visual Studio Solution File, Format Version 12.00
# Visual Studio Version 17
VisualStudioVersion = 17.2.32630.192
MinimumVisualStudioVersion = 10.0.40219.1
Project("{FAE04EC0-301F-11D3-BF4B-00C04F79EFBC}") = "TodoApp.Android", "TodoApp.Android\TodoApp.Android.csproj", "{D2EE4E43-91A9-49BD-82BE-692483F11C8F}"
EndProject
Project("{FAE04EC0-301F-11D3-BF4B-00C04F79EFBC}") = "TodoApp.iOS", "TodoApp.iOS\TodoApp.iOS.csproj", "{646461FD-3604-4139-AAD2-031BDF0ED020}"
EndProject
Project("{FAE04EC0-301F-11D3-BF4B-00C04F79EFBC}") = "TodoApp", "TodoApp\TodoApp.csproj", "{3A546E3A-011E-426F-ABCF-E6B4BA86EF5B}"
EndProject
Global
	GlobalSection(SolutionConfigurationPlatforms) = preSolution
		Debug|Any CPU = Debug|Any CPU
		Debug|iPhone = Debug|iPhone
		Debug|iPhoneSimulator = Debug|iPhoneSimulator
		Release|Any CPU = Release|Any CPU
		Release|iPhone = Release|iPhone
		Release|iPhoneSimulator = Release|iPhoneSimulator
	EndGlobalSection
	GlobalSection(ProjectConfigurationPlatforms) = postSolution
		{D2EE4E43-91A9-49BD-82BE-692483F11C8F}.Debug|Any CPU.ActiveCfg = Debug|Any CPU
		{D2EE4E43-91A9-49BD-82BE-692483F11C8F}.Debug|Any CPU.Build.0 = Debug|Any CPU
		{D2EE4E43-91A9-49BD-82BE-692483F11C8F}.Debug|Any CPU.Deploy.0 = Debug|Any CPU
		{D2EE4E43-91A9-49BD-82BE-692483F11C8F}.Debug|iPhone.ActiveCfg = Debug|Any CPU
		{D2EE4E43-91A9-49BD-82BE-692483F11C8F}.Debug|iPhone.Build.0 = Debug|Any CPU
		{D2EE4E43-91A9-49BD-82BE-692483F11C8F}.Debug|iPhone.Deploy.0 = Debug|Any CPU
		{D2EE4E43-91A9-49BD-82BE-692483F11C8F}.Debug|iPhoneSimulator.ActiveCfg = Debug|Any CPU
		{D2EE4E43-91A9-49BD-82BE-692483F11C8F}.Debug|iPhoneSimulator.Build.0 = Debug|Any CPU
		{D2EE4E43-91A9-49BD-82BE-692483F11C8F}.Debug|iPhoneSimulator.Deploy.0 = Debug|Any CPU
		{D2EE4E43-91A9-49BD-82BE-692483F11C8F}.Release|Any CPU.ActiveCfg = Release|Any CPU
		{D2EE4E43-91A9-49BD-82BE-692483F11C8F}.Release|Any CPU.Build.0 = Release|Any CPU
		{D2EE4E43-91A9-49BD-82BE-692483F11C8F}.Release|Any CPU.Deploy.0 = Release|Any CPU
		{D2EE4E43-91A9-49BD-82BE-692483F11C8F}.Release|iPhone.ActiveCfg = Release|Any CPU
		{D2EE4E43-91A9-49BD-82BE-692483F11C8F}.Release|iPhone.Build.0 = Release|Any CPU
		{D2EE4E43-91A9-49BD-82BE-692483F11C8F}.Release|iPhone.Deploy.0 = Release|Any CPU
		{D2EE4E43-91A9-49BD-82BE-692483F11C8F}.Release|iPhoneSimulator.ActiveCfg = Release|Any CPU
		{D2EE4E43-91A9-49BD-82BE-692483F11C8F}.Release|iPhoneSimulator.Build.0 = Release|Any CPU
		{D2EE4E43-91A9-49BD-82BE-692483F11C8F}.Release|iPhoneSimulator.Deploy.0 = Release|Any CPU
		{646461FD-3604-4139-AAD2-031BDF0ED020}.Debug|Any CPU.ActiveCfg = Debug|iPhone
		{646461FD-3604-4139-AAD2-031BDF0ED020}.Debug|Any CPU.Build.0 = Debug|iPhone
		{646461FD-3604-4139-AAD2-031BDF0ED020}.Debug|Any CPU.Deploy.0 = Debug|iPhone
		{646461FD-3604-4139-AAD2-031BDF0ED020}.Debug|iPhone.ActiveCfg = Debug|iPhone
		{646461FD-3604-4139-AAD2-031BDF0ED020}.Debug|iPhone.Build.0 = Debug|iPhone
		{646461FD-3604-4139-AAD2-031BDF0ED020}.Debug|iPhone.Deploy.0 = Debug|iPhone
		{646461FD-3604-4139-AAD2-031BDF0ED020}.Debug|iPhoneSimulator.ActiveCfg = Debug|iPhoneSimulator
		{646461FD-3604-4139-AAD2-031BDF0ED020}.Debug|iPhoneSimulator.Build.0 = Debug|iPhoneSimulator
		{646461FD-3604-4139-AAD2-031BDF0ED020}.Debug|iPhoneSimulator.Deploy.0 = Debug|iPhoneSimulator
		{646461FD-3604-4139-AAD2-031BDF0ED020}.Release|Any CPU.ActiveCfg = Release|iPhoneSimulator
		{646461FD-3604-4139-AAD2-031BDF0ED020}.Release|Any CPU.Build.0 = Release|iPhoneSimulator
		{646461FD-3604-4139-AAD2-031BDF0ED020}.Release|Any CPU.Deploy.0 = Release|iPhoneSimulator
		{646461FD-3604-4139-AAD2-031BDF0ED020}.Release|iPhone.ActiveCfg = Release|iPhone
		{646461FD-3604-4139-AAD2-031BDF0ED020}.Release|iPhone.Build.0 = Release|iPhone
		{646461FD-3604-4139-AAD2-031BDF0ED020}.Release|iPhone.Deploy.0 = Release|iPhone
		{646461FD-3604-4139-AAD2-031BDF0ED020}.Release|iPhoneSimulator.ActiveCfg = Release|iPhoneSimulator
		{646461FD-3604-4139-AAD2-031BDF0ED020}.Release|iPhoneSimulator.Build.0 = Release|iPhoneSimulator
		{646461FD-3604-4139-AAD2-031BDF0ED020}.Release|iPhoneSimulator.Deploy.0 = Release|iPhoneSimulator
		{3A546E3A-011E-426F-ABCF-E6B4BA86EF5B}.Debug|Any CPU.ActiveCfg = Debug|Any CPU
		{3A546E3A-011E-426F-ABCF-E6B4BA86EF5B}.Debug|Any CPU.Build.0 = Debug|Any CPU
		{3A546E3A-011E-426F-ABCF-E6B4BA86EF5B}.Debug|Any CPU.Deploy.0 = Debug|Any CPU
		{3A546E3A-011E-426F-ABCF-E6B4BA86EF5B}.Debug|iPhone.ActiveCfg = Debug|Any CPU
		{3A546E3A-011E-426F-ABCF-E6B4BA86EF5B}.Debug|iPhone.Build.0 = Debug|Any CPU
		{3A546E3A-011E-426F-ABCF-E6B4BA86EF5B}.Debug|iPhone.Deploy.0 = Debug|Any CPU
		{3A546E3A-011E-426F-ABCF-E6B4BA86EF5B}.Debug|iPhoneSimulator.ActiveCfg = Debug|Any CPU
		{3A546E3A-011E-426F-ABCF-E6B4BA86EF5B}.Debug|iPhoneSimulator.Build.0 = Debug|Any CPU
		{3A546E3A-011E-426F-ABCF-E6B4BA86EF5B}.Debug|iPhoneSimulator.Deploy.0 = Debug|Any CPU
		{3A546E3A-011E-426F-ABCF-E6B4BA86EF5B}.Release|Any CPU.ActiveCfg = Release|Any CPU
		{3A546E3A-011E-426F-ABCF-E6B4BA86EF5B}.Release|Any CPU.Build.0 = Release|Any CPU
		{3A546E3A-011E-426F-ABCF-E6B4BA86EF5B}.Release|Any CPU.Deploy.0 = Release|Any CPU
		{3A546E3A-011E-426F-ABCF-E6B4BA86EF5B}.Release|iPhone.ActiveCfg = Release|Any CPU
		{3A546E3A-011E-426F-ABCF-E6B4BA86EF5B}.Release|iPhone.Build.0 = Release|Any CPU
		{3A546E3A-011E-426F-ABCF-E6B4BA86EF5B}.Release|iPhone.Deploy.0 = Release|Any CPU
		{3A546E3A-011E-426F-ABCF-E6B4BA86EF5B}.Release|iPhoneSimulator.ActiveCfg = Release|Any CPU
		{3A546E3A-011E-426F-ABCF-E6B4BA86EF5B}.Release|iPhoneSimulator.Build.0 = Release|Any CPU
		{3A546E3A-011E-426F-ABCF-E6B4BA86EF5B}.Release|iPhoneSimulator.Deploy.0 = Release|Any CPU
	EndGlobalSection
	GlobalSection(SolutionProperties) = preSolution
		HideSolutionNode = FALSE
	EndGlobalSection
	GlobalSection(ExtensibilityGlobals) = postSolution
		SolutionGuid = {AF28AC5C-351A-41D9-A697-C44954289FD7}
	EndGlobalSection
EndGlobal
